
Microsoft Visual Studio Solution File, Format Version 12.00
# Visual Studio Version 16
VisualStudioVersion = 16.0.31321.278
MinimumVisualStudioVersion = 10.0.40219.1
Project("{9A19103F-16F7-4668-BE54-9A1E7A4F7556}") = "GooWareRental.DataAccessLayer", "GooWareRental.DataAccessLayer\GooWareRental.DataAccessLayer.csproj", "{A88F579B-50EB-4EAC-9AA6-2898107AFC65}"
EndProject
Project("{9A19103F-16F7-4668-BE54-9A1E7A4F7556}") = "GooWareRental.BusinessLogicLayer", "GooWareRental.BusinessLogicLayer\GooWareRental.BusinessLogicLayer.csproj", "{F168B102-69C5-4440-8708-EB201D8426A3}"
EndProject
Project("{9A19103F-16F7-4668-BE54-9A1E7A4F7556}") = "GooWareRental.Entities", "GooWareRental.Entities\GooWareRental.Entities.csproj", "{0B038F63-9FBF-4F54-BD45-9F02CB6850EA}"
EndProject
Project("{9A19103F-16F7-4668-BE54-9A1E7A4F7556}") = "GooWareRental.Core", "GooWareRental.Core\GooWareRental.Core.csproj", "{D790A53C-9303-4613-90DC-60536BB8456C}"
EndProject
Project("{9A19103F-16F7-4668-BE54-9A1E7A4F7556}") = "GooWareRental.WebAPI", "GooWareRental.WebAPI\GooWareRental.WebAPI.csproj", "{E9E270D3-52A3-40EF-8EC5-F21C770E1601}"
EndProject
Global
	GlobalSection(SolutionConfigurationPlatforms) = preSolution
		Debug|Any CPU = Debug|Any CPU
		Release|Any CPU = Release|Any CPU
	EndGlobalSection
	GlobalSection(ProjectConfigurationPlatforms) = postSolution
		{A88F579B-50EB-4EAC-9AA6-2898107AFC65}.Debug|Any CPU.ActiveCfg = Debug|Any CPU
		{A88F579B-50EB-4EAC-9AA6-2898107AFC65}.Debug|Any CPU.Build.0 = Debug|Any CPU
		{A88F579B-50EB-4EAC-9AA6-2898107AFC65}.Release|Any CPU.ActiveCfg = Release|Any CPU
		{A88F579B-50EB-4EAC-9AA6-2898107AFC65}.Release|Any CPU.Build.0 = Release|Any CPU
		{F168B102-69C5-4440-8708-EB201D8426A3}.Debug|Any CPU.ActiveCfg = Debug|Any CPU
		{F168B102-69C5-4440-8708-EB201D8426A3}.Debug|Any CPU.Build.0 = Debug|Any CPU
		{F168B102-69C5-4440-8708-EB201D8426A3}.Release|Any CPU.ActiveCfg = Release|Any CPU
		{F168B102-69C5-4440-8708-EB201D8426A3}.Release|Any CPU.Build.0 = Release|Any CPU
		{0B038F63-9FBF-4F54-BD45-9F02CB6850EA}.Debug|Any CPU.ActiveCfg = Debug|Any CPU
		{0B038F63-9FBF-4F54-BD45-9F02CB6850EA}.Debug|Any CPU.Build.0 = Debug|Any CPU
		{0B038F63-9FBF-4F54-BD45-9F02CB6850EA}.Release|Any CPU.ActiveCfg = Release|Any CPU
		{0B038F63-9FBF-4F54-BD45-9F02CB6850EA}.Release|Any CPU.Build.0 = Release|Any CPU
		{D790A53C-9303-4613-90DC-60536BB8456C}.Debug|Any CPU.ActiveCfg = Debug|Any CPU
		{D790A53C-9303-4613-90DC-60536BB8456C}.Debug|Any CPU.Build.0 = Debug|Any CPU
		{D790A53C-9303-4613-90DC-60536BB8456C}.Release|Any CPU.ActiveCfg = Release|Any CPU
		{D790A53C-9303-4613-90DC-60536BB8456C}.Release|Any CPU.Build.0 = Release|Any CPU
		{E9E270D3-52A3-40EF-8EC5-F21C770E1601}.Debug|Any CPU.ActiveCfg = Debug|Any CPU
		{E9E270D3-52A3-40EF-8EC5-F21C770E1601}.Debug|Any CPU.Build.0 = Debug|Any CPU
		{E9E270D3-52A3-40EF-8EC5-F21C770E1601}.Release|Any CPU.ActiveCfg = Release|Any CPU
		{E9E270D3-52A3-40EF-8EC5-F21C770E1601}.Release|Any CPU.Build.0 = Release|Any CPU
	EndGlobalSection
	GlobalSection(SolutionProperties) = preSolution
		HideSolutionNode = FALSE
	EndGlobalSection
	GlobalSection(ExtensibilityGlobals) = postSolution
		SolutionGuid = {6473DCA7-EEDE-4686-A467-1979CBD4B3C6}
	EndGlobalSection
EndGlobal
